// !$*UTF8*$!
{
	archiveVersion = 1;
	classes = {
	};
	objectVersion = 46;
	objects = {

/* Begin PBXBuildFile section */
		098D251A1B5FC81300095A3A /* AppDelegate.swift in Sources */ = {isa = PBXBuildFile; fileRef = 098D25191B5FC81300095A3A /* AppDelegate.swift */; };
		098D251F1B5FC81300095A3A /* Main.storyboard in Resources */ = {isa = PBXBuildFile; fileRef = 098D251D1B5FC81300095A3A /* Main.storyboard */; };
		098D25211B5FC81300095A3A /* Images.xcassets in Resources */ = {isa = PBXBuildFile; fileRef = 098D25201B5FC81300095A3A /* Images.xcassets */; };
		098D25241B5FC81300095A3A /* LaunchScreen.xib in Resources */ = {isa = PBXBuildFile; fileRef = 098D25221B5FC81300095A3A /* LaunchScreen.xib */; };
		098D25301B5FC81300095A3A /* MySchoolTests.swift in Sources */ = {isa = PBXBuildFile; fileRef = 098D252F1B5FC81300095A3A /* MySchoolTests.swift */; };
		098D253C1B5FD51700095A3A /* LoginVC.swift in Sources */ = {isa = PBXBuildFile; fileRef = 098D253B1B5FD51700095A3A /* LoginVC.swift */; };
		098D253E1B5FD99100095A3A /* SignupVC.swift in Sources */ = {isa = PBXBuildFile; fileRef = 098D253D1B5FD99100095A3A /* SignupVC.swift */; };
		098D25401B5FDB8D00095A3A /* HomeVC.swift in Sources */ = {isa = PBXBuildFile; fileRef = 098D253F1B5FDB8D00095A3A /* HomeVC.swift */; };
/* End PBXBuildFile section */

/* Begin PBXContainerItemProxy section */
		098D252A1B5FC81300095A3A /* PBXContainerItemProxy */ = {
			isa = PBXContainerItemProxy;
			containerPortal = 098D250C1B5FC81300095A3A /* Project object */;
			proxyType = 1;
			remoteGlobalIDString = 098D25131B5FC81300095A3A;
			remoteInfo = MySchool;
		};
/* End PBXContainerItemProxy section */

/* Begin PBXFileReference section */
		098D25141B5FC81300095A3A /* MySchool.app */ = {isa = PBXFileReference; explicitFileType = wrapper.application; includeInIndex = 0; path = MySchool.app; sourceTree = BUILT_PRODUCTS_DIR; };
		098D25181B5FC81300095A3A /* Info.plist */ = {isa = PBXFileReference; lastKnownFileType = text.plist.xml; path = Info.plist; sourceTree = "<group>"; };
		098D25191B5FC81300095A3A /* AppDelegate.swift */ = {isa = PBXFileReference; lastKnownFileType = sourcecode.swift; path = AppDelegate.swift; sourceTree = "<group>"; };
		098D251E1B5FC81300095A3A /* Base */ = {isa = PBXFileReference; lastKnownFileType = file.storyboard; name = Base; path = Base.lproj/Main.storyboard; sourceTree = "<group>"; };
		098D25201B5FC81300095A3A /* Images.xcassets */ = {isa = PBXFileReference; lastKnownFileType = folder.assetcatalog; path = Images.xcassets; sourceTree = "<group>"; };
		098D25231B5FC81300095A3A /* Base */ = {isa = PBXFileReference; lastKnownFileType = file.xib; name = Base; path = Base.lproj/LaunchScreen.xib; sourceTree = "<group>"; };
		098D25291B5FC81300095A3A /* MySchoolTests.xctest */ = {isa = PBXFileReference; explicitFileType = wrapper.cfbundle; includeInIndex = 0; path = MySchoolTests.xctest; sourceTree = BUILT_PRODUCTS_DIR; };
		098D252E1B5FC81300095A3A /* Info.plist */ = {isa = PBXFileReference; lastKnownFileType = text.plist.xml; path = Info.plist; sourceTree = "<group>"; };
		098D252F1B5FC81300095A3A /* MySchoolTests.swift */ = {isa = PBXFileReference; lastKnownFileType = sourcecode.swift; path = MySchoolTests.swift; sourceTree = "<group>"; };
		098D253B1B5FD51700095A3A /* LoginVC.swift */ = {isa = PBXFileReference; fileEncoding = 4; lastKnownFileType = sourcecode.swift; name = LoginVC.swift; path = ../LoginVC.swift; sourceTree = "<group>"; };
		098D253D1B5FD99100095A3A /* SignupVC.swift */ = {isa = PBXFileReference; fileEncoding = 4; lastKnownFileType = sourcecode.swift; path = SignupVC.swift; sourceTree = "<group>"; };
		098D253F1B5FDB8D00095A3A /* HomeVC.swift */ = {isa = PBXFileReference; fileEncoding = 4; lastKnownFileType = sourcecode.swift; path = HomeVC.swift; sourceTree = "<group>"; };
/* End PBXFileReference section */

/* Begin PBXFrameworksBuildPhase section */
		098D25111B5FC81300095A3A /* Frameworks */ = {
			isa = PBXFrameworksBuildPhase;
			buildActionMask = 2147483647;
			files = (
			);
			runOnlyForDeploymentPostprocessing = 0;
		};
		098D25261B5FC81300095A3A /* Frameworks */ = {
			isa = PBXFrameworksBuildPhase;
			buildActionMask = 2147483647;
			files = (
			);
			runOnlyForDeploymentPostprocessing = 0;
		};
/* End PBXFrameworksBuildPhase section */

/* Begin PBXGroup section */
		098D250B1B5FC81300095A3A = {
			isa = PBXGroup;
			children = (
				098D25161B5FC81300095A3A /* MySchool */,
				098D252C1B5FC81300095A3A /* MySchoolTests */,
				098D25151B5FC81300095A3A /* Products */,
			);
			sourceTree = "<group>";
		};
		098D25151B5FC81300095A3A /* Products */ = {
			isa = PBXGroup;
			children = (
				098D25141B5FC81300095A3A /* MySchool.app */,
				098D25291B5FC81300095A3A /* MySchoolTests.xctest */,
			);
			name = Products;
			sourceTree = "<group>";
		};
		098D25161B5FC81300095A3A /* MySchool */ = {
			isa = PBXGroup;
			children = (
				098D25191B5FC81300095A3A /* AppDelegate.swift */,
				098D251D1B5FC81300095A3A /* Main.storyboard */,
				098D25201B5FC81300095A3A /* Images.xcassets */,
				098D25221B5FC81300095A3A /* LaunchScreen.xib */,
				098D25171B5FC81300095A3A /* Supporting Files */,
				098D253B1B5FD51700095A3A /* LoginVC.swift */,
				098D253D1B5FD99100095A3A /* SignupVC.swift */,
				098D253F1B5FDB8D00095A3A /* HomeVC.swift */,
			);
			path = MySchool;
			sourceTree = "<group>";
		};
		098D25171B5FC81300095A3A /* Supporting Files */ = {
			isa = PBXGroup;
			children = (
				098D25181B5FC81300095A3A /* Info.plist */,
			);
			name = "Supporting Files";
			sourceTree = "<group>";
		};
		098D252C1B5FC81300095A3A /* MySchoolTests */ = {
			isa = PBXGroup;
			children = (
				098D252F1B5FC81300095A3A /* MySchoolTests.swift */,
				098D252D1B5FC81300095A3A /* Supporting Files */,
			);
			path = MySchoolTests;
			sourceTree = "<group>";
		};
		098D252D1B5FC81300095A3A /* Supporting Files */ = {
			isa = PBXGroup;
			children = (
				098D252E1B5FC81300095A3A /* Info.plist */,
			);
			name = "Supporting Files";
			sourceTree = "<group>";
		};
/* End PBXGroup section */

/* Begin PBXNativeTarget section */
		098D25131B5FC81300095A3A /* MySchool */ = {
			isa = PBXNativeTarget;
			buildConfigurationList = 098D25331B5FC81300095A3A /* Build configuration list for PBXNativeTarget "MySchool" */;
			buildPhases = (
				098D25101B5FC81300095A3A /* Sources */,
				098D25111B5FC81300095A3A /* Frameworks */,
				098D25121B5FC81300095A3A /* Resources */,
			);
			buildRules = (
			);
			dependencies = (
			);
			name = MySchool;
			productName = MySchool;
			productReference = 098D25141B5FC81300095A3A /* MySchool.app */;
			productType = "com.apple.product-type.application";
		};
		098D25281B5FC81300095A3A /* MySchoolTests */ = {
			isa = PBXNativeTarget;
			buildConfigurationList = 098D25361B5FC81300095A3A /* Build configuration list for PBXNativeTarget "MySchoolTests" */;
			buildPhases = (
				098D25251B5FC81300095A3A /* Sources */,
				098D25261B5FC81300095A3A /* Frameworks */,
				098D25271B5FC81300095A3A /* Resources */,
			);
			buildRules = (
			);
			dependencies = (
				098D252B1B5FC81300095A3A /* PBXTargetDependency */,
			);
			name = MySchoolTests;
			productName = MySchoolTests;
			productReference = 098D25291B5FC81300095A3A /* MySchoolTests.xctest */;
			productType = "com.apple.product-type.bundle.unit-test";
		};
/* End PBXNativeTarget section */

/* Begin PBXProject section */
		098D250C1B5FC81300095A3A /* Project object */ = {
			isa = PBXProject;
			attributes = {
				LastUpgradeCheck = 0640;
				ORGANIZATIONNAME = "Etienne HERMAND";
				TargetAttributes = {
					098D25131B5FC81300095A3A = {
						CreatedOnToolsVersion = 6.4;
						DevelopmentTeam = 9YA9XGA98U;
					};
					098D25281B5FC81300095A3A = {
						CreatedOnToolsVersion = 6.4;
						TestTargetID = 098D25131B5FC81300095A3A;
					};
				};
			};
			buildConfigurationList = 098D250F1B5FC81300095A3A /* Build configuration list for PBXProject "MySchool" */;
			compatibilityVersion = "Xcode 3.2";
			developmentRegion = English;
			hasScannedForEncodings = 0;
			knownRegions = (
				en,
				Base,
			);
			mainGroup = 098D250B1B5FC81300095A3A;
			productRefGroup = 098D25151B5FC81300095A3A /* Products */;
			projectDirPath = "";
			projectRoot = "";
			targets = (
				098D25131B5FC81300095A3A /* MySchool */,
				098D25281B5FC81300095A3A /* MySchoolTests */,
			);
		};
/* End PBXProject section */

/* Begin PBXResourcesBuildPhase section */
		098D25121B5FC81300095A3A /* Resources */ = {
			isa = PBXResourcesBuildPhase;
			buildActionMask = 2147483647;
			files = (
				098D251F1B5FC81300095A3A /* Main.storyboard in Resources */,
				098D25241B5FC81300095A3A /* LaunchScreen.xib in Resources */,
				098D25211B5FC81300095A3A /* Images.xcassets in Resources */,
			);
			runOnlyForDeploymentPostprocessing = 0;
		};
		098D25271B5FC81300095A3A /* Resources */ = {
			isa = PBXResourcesBuildPhase;
			buildActionMask = 2147483647;
			files = (
			);
			runOnlyForDeploymentPostprocessing = 0;
		};
/* End PBXResourcesBuildPhase section */

/* Begin PBXSourcesBuildPhase section */
		098D25101B5FC81300095A3A /* Sources */ = {
			isa = PBXSourcesBuildPhase;
			buildActionMask = 2147483647;
			files = (
				098D253E1B5FD99100095A3A /* SignupVC.swift in Sources */,
				098D25401B5FDB8D00095A3A /* HomeVC.swift in Sources */,
				098D251A1B5FC81300095A3A /* AppDelegate.swift in Sources */,
				098D253C1B5FD51700095A3A /* LoginVC.swift in Sources */,
			);
			runOnlyForDeploymentPostprocessing = 0;
		};
		098D25251B5FC81300095A3A /* Sources */ = {
			isa = PBXSourcesBuildPhase;
			buildActionMask = 2147483647;
			files = (
				098D25301B5FC81300095A3A /* MySchoolTests.swift in Sources */,
			);
			runOnlyForDeploymentPostprocessing = 0;
		};
/* End PBXSourcesBuildPhase section */

/* Begin PBXTargetDependency section */
		098D252B1B5FC81300095A3A /* PBXTargetDependency */ = {
			isa = PBXTargetDependency;
			target = 098D25131B5FC81300095A3A /* MySchool */;
			targetProxy = 098D252A1B5FC81300095A3A /* PBXContainerItemProxy */;
		};
/* End PBXTargetDependency section */

/* Begin PBXVariantGroup section */
		098D251D1B5FC81300095A3A /* Main.storyboard */ = {
			isa = PBXVariantGroup;
			children = (
				098D251E1B5FC81300095A3A /* Base */,
			);
			name = Main.storyboard;
			sourceTree = "<group>";
		};
		098D25221B5FC81300095A3A /* LaunchScreen.xib */ = {
			isa = PBXVariantGroup;
			children = (
				098D25231B5FC81300095A3A /* Base */,
			);
			name = LaunchScreen.xib;
			sourceTree = "<group>";
		};
/* End PBXVariantGroup section */

/* Begin XCBuildConfiguration section */
		098D25311B5FC81300095A3A /* Debug */ = {
			isa = XCBuildConfiguration;
			buildSettings = {
				ALWAYS_SEARCH_USER_PATHS = NO;
				CLANG_CXX_LANGUAGE_STANDARD = "gnu++0x";
				CLANG_CXX_LIBRARY = "libc++";
				CLANG_ENABLE_MODULES = YES;
				CLANG_ENABLE_OBJC_ARC = YES;
				CLANG_WARN_BOOL_CONVERSION = YES;
				CLANG_WARN_CONSTANT_CONVERSION = YES;
				CLANG_WARN_DIRECT_OBJC_ISA_USAGE = YES_ERROR;
				CLANG_WARN_EMPTY_BODY = YES;
				CLANG_WARN_ENUM_CONVERSION = YES;
				CLANG_WARN_INT_CONVERSION = YES;
				CLANG_WARN_OBJC_ROOT_CLASS = YES_ERROR;
				CLANG_WARN_UNREACHABLE_CODE = YES;
				CLANG_WARN__DUPLICATE_METHOD_MATCH = YES;
				"CODE_SIGN_IDENTITY[sdk=iphoneos*]" = "iPhone Developer";
				COPY_PHASE_STRIP = NO;
				DEBUG_INFORMATION_FORMAT = "dwarf-with-dsym";
				ENABLE_STRICT_OBJC_MSGSEND = YES;
				GCC_C_LANGUAGE_STANDARD = gnu99;
				GCC_DYNAMIC_NO_PIC = NO;
				GCC_NO_COMMON_BLOCKS = YES;
				GCC_OPTIMIZATION_LEVEL = 0;
				GCC_PREPROCESSOR_DEFINITIONS = (
					"DEBUG=1",
					"$(inherited)",
				);
				GCC_SYMBOLS_PRIVATE_EXTERN = NO;
				GCC_WARN_64_TO_32_BIT_CONVERSION = YES;
				GCC_WARN_ABOUT_RETURN_TYPE = YES_ERROR;
				GCC_WARN_UNDECLARED_SELECTOR = YES;
				GCC_WARN_UNINITIALIZED_AUTOS = YES_AGGRESSIVE;
				GCC_WARN_UNUSED_FUNCTION = YES;
				GCC_WARN_UNUSED_VARIABLE = YES;
				IPHONEOS_DEPLOYMENT_TARGET = 8.4;
				MTL_ENABLE_DEBUG_INFO = YES;
				ONLY_ACTIVE_ARCH = YES;
				SDKROOT = iphoneos;
				SWIFT_OPTIMIZATION_LEVEL = "-Onone";
				TARGETED_DEVICE_FAMILY = "1,2";
			};
			name = Debug;
		};
		098D25321B5FC81300095A3A /* Release */ = {
			isa = XCBuildConfiguration;
			buildSettings = {
				ALWAYS_SEARCH_USER_PATHS = NO;
				CLANG_CXX_LANGUAGE_STANDARD = "gnu++0x";
				CLANG_CXX_LIBRARY = "libc++";
				CLANG_ENABLE_MODULES = YES;
				CLANG_ENABLE_OBJC_ARC = YES;
				CLANG_WARN_BOOL_CONVERSION = YES;
				CLANG_WARN_CONSTANT_CONVERSION = YES;
				CLANG_WARN_DIRECT_OBJC_ISA_USAGE = YES_ERROR;
				CLANG_WARN_EMPTY_BODY = YES;
				CLANG_WARN_ENUM_CONVERSION = YES;
				CLANG_WARN_INT_CONVERSION = YES;
				CLANG_WARN_OBJC_ROOT_CLASS = YES_ERROR;
				CLANG_WARN_UNREACHABLE_CODE = YES;
				CLANG_WARN__DUPLICATE_METHOD_MATCH = YES;
				"CODE_SIGN_IDENTITY[sdk=iphoneos*]" = "iPhone Developer";
				COPY_PHASE_STRIP = NO;
				DEBUG_INFORMATION_FORMAT = "dwarf-with-dsym";
				ENABLE_NS_ASSERTIONS = NO;
				ENABLE_STRICT_OBJC_MSGSEND = YES;
				GCC_C_LANGUAGE_STANDARD = gnu99;
				GCC_NO_COMMON_BLOCKS = YES;
				GCC_WARN_64_TO_32_BIT_CONVERSION = YES;
				GCC_WARN_ABOUT_RETURN_TYPE = YES_ERROR;
				GCC_WARN_UNDECLARED_SELECTOR = YES;
				GCC_WARN_UNINITIALIZED_AUTOS = YES_AGGRESSIVE;
				GCC_WARN_UNUSED_FUNCTION = YES;
				GCC_WARN_UNUSED_VARIABLE = YES;
				IPHONEOS_DEPLOYMENT_TARGET = 8.4;
				MTL_ENABLE_DEBUG_INFO = NO;
				SDKROOT = iphoneos;
				TARGETED_DEVICE_FAMILY = "1,2";
				VALIDATE_PRODUCT = YES;
			};
			name = Release;
		};
		098D25341B5FC81300095A3A /* Debug */ = {
			isa = XCBuildConfiguration;
			buildSettings = {
				ASSETCATALOG_COMPILER_APPICON_NAME = AppIcon;
				CODE_SIGN_IDENTITY = "iPhone Developer";
				INFOPLIST_FILE = MySchool/Info.plist;
				LD_RUNPATH_SEARCH_PATHS = "$(inherited) @executable_path/Frameworks";
				PRODUCT_NAME = "$(TARGET_NAME)";
			};
			name = Debug;
		};
		098D25351B5FC81300095A3A /* Release */ = {
			isa = XCBuildConfiguration;
			buildSettings = {
				ASSETCATALOG_COMPILER_APPICON_NAME = AppIcon;
				CODE_SIGN_IDENTITY = "iPhone Developer";
				INFOPLIST_FILE = MySchool/Info.plist;
				LD_RUNPATH_SEARCH_PATHS = "$(inherited) @executable_path/Frameworks";
				PRODUCT_NAME = "$(TARGET_NAME)";
			};
			name = Release;
		};
		098D25371B5FC81300095A3A /* Debug */ = {
			isa = XCBuildConfiguration;
			buildSettings = {
				BUNDLE_LOADER = "$(TEST_HOST)";
				FRAMEWORK_SEARCH_PATHS = (
					"$(SDKROOT)/Developer/Library/Frameworks",
					"$(inherited)",
				);
				GCC_PREPROCESSOR_DEFINITIONS = (
					"DEBUG=1",
					"$(inherited)",
				);
				INFOPLIST_FILE = MySchoolTests/Info.plist;
				LD_RUNPATH_SEARCH_PATHS = "$(inherited) @executable_path/Frameworks @loader_path/Frameworks";
				PRODUCT_NAME = "$(TARGET_NAME)";
				TEST_HOST = "$(BUILT_PRODUCTS_DIR)/MySchool.app/MySchool";
			};
			name = Debug;
		};
		098D25381B5FC81300095A3A /* Release */ = {
			isa = XCBuildConfiguration;
			buildSettings = {
				BUNDLE_LOADER = "$(TEST_HOST)";
				FRAMEWORK_SEARCH_PATHS = (
					"$(SDKROOT)/Developer/Library/Frameworks",
					"$(inherited)",
				);
				INFOPLIST_FILE = MySchoolTests/Info.plist;
				LD_RUNPATH_SEARCH_PATHS = "$(inherited) @executable_path/Frameworks @loader_path/Frameworks";
				PRODUCT_NAME = "$(TARGET_NAME)";
				TEST_HOST = "$(BUILT_PRODUCTS_DIR)/MySchool.app/MySchool";
			};
			name = Release;
		};
/* End XCBuildConfiguration section */

/* Begin XCConfigurationList section */
		098D250F1B5FC81300095A3A /* Build configuration list for PBXProject "MySchool" */ = {
			isa = XCConfigurationList;
			buildConfigurations = (
				098D25311B5FC81300095A3A /* Debug */,
				098D25321B5FC81300095A3A /* Release */,
			);
			defaultConfigurationIsVisible = 0;
			defaultConfigurationName = Release;
		};
		098D25331B5FC81300095A3A /* Build configuration list for PBXNativeTarget "MySchool" */ = {
			isa = XCConfigurationList;
			buildConfigurations = (
				098D25341B5FC81300095A3A /* Debug */,
				098D25351B5FC81300095A3A /* Release */,
			);
			defaultConfigurationIsVisible = 0;
			defaultConfigurationName = Release;
		};
		098D25361B5FC81300095A3A /* Build configuration list for PBXNativeTarget "MySchoolTests" */ = {
			isa = XCConfigurationList;
			buildConfigurations = (
				098D25371B5FC81300095A3A /* Debug */,
				098D25381B5FC81300095A3A /* Release */,
			);
			defaultConfigurationIsVisible = 0;
			defaultConfigurationName = Release;
		};
/* End XCConfigurationList section */
	};
	rootObject = 098D250C1B5FC81300095A3A /* Project object */;
}
